
Microsoft Visual Studio Solution File, Format Version 12.00
# Visual Studio Version 17
VisualStudioVersion = 17.6.33829.357
MinimumVisualStudioVersion = 10.0.40219.1
Project("{FAE04EC0-301F-11D3-BF4B-00C04F79EFBC}") = "MediLast", "MediLast.csproj", "{7C7F1EBD-C8A1-45C7-A90E-7248208D8824}"
EndProject
Global
	GlobalSection(SolutionConfigurationPlatforms) = preSolution
		Debug|Any CPU = Debug|Any CPU
		Release|Any CPU = Release|Any CPU
	EndGlobalSection
	GlobalSection(ProjectConfigurationPlatforms) = postSolution
		{7C7F1EBD-C8A1-45C7-A90E-7248208D8824}.Debug|Any CPU.ActiveCfg = Debug|Any CPU
		{7C7F1EBD-C8A1-45C7-A90E-7248208D8824}.Debug|Any CPU.Build.0 = Debug|Any CPU
		{7C7F1EBD-C8A1-45C7-A90E-7248208D8824}.Release|Any CPU.ActiveCfg = Release|Any CPU
		{7C7F1EBD-C8A1-45C7-A90E-7248208D8824}.Release|Any CPU.Build.0 = Release|Any CPU
	EndGlobalSection
	GlobalSection(SolutionProperties) = preSolution
		HideSolutionNode = FALSE
	EndGlobalSection
	GlobalSection(ExtensibilityGlobals) = postSolution
		SolutionGuid = {DA9E13E1-0B2F-4560-8630-183E624AEB44}
	EndGlobalSection
EndGlobal
